
Microsoft Visual Studio Solution File, Format Version 12.00
# Visual Studio Version 16
VisualStudioVersion = 16.0.31105.61
MinimumVisualStudioVersion = 10.0.40219.1
Project("{FAE04EC0-301F-11D3-BF4B-00C04F79EFBC}") = "Bookshop.API", "Bookshop.API\Bookshop.API.csproj", "{830BAC75-221C-40A3-B904-63699BA6E195}"
EndProject
Project("{FAE04EC0-301F-11D3-BF4B-00C04F79EFBC}") = "Bookshop.DL", "Bookshop.DL\Bookshop.DL.csproj", "{36431EA9-3C8F-41FC-8825-8042CB7FA620}"
EndProject
Project("{FAE04EC0-301F-11D3-BF4B-00C04F79EFBC}") = "Bookshop.BL", "Bookshop.BL\Bookshop.BL.csproj", "{2D09919E-3044-4FFA-87FE-B8947218F6F5}"
EndProject
Global
	GlobalSection(SolutionConfigurationPlatforms) = preSolution
		Debug|Any CPU = Debug|Any CPU
		Release|Any CPU = Release|Any CPU
	EndGlobalSection
	GlobalSection(ProjectConfigurationPlatforms) = postSolution
		{830BAC75-221C-40A3-B904-63699BA6E195}.Debug|Any CPU.ActiveCfg = Debug|Any CPU
		{830BAC75-221C-40A3-B904-63699BA6E195}.Debug|Any CPU.Build.0 = Debug|Any CPU
		{830BAC75-221C-40A3-B904-63699BA6E195}.Release|Any CPU.ActiveCfg = Release|Any CPU
		{830BAC75-221C-40A3-B904-63699BA6E195}.Release|Any CPU.Build.0 = Release|Any CPU
		{36431EA9-3C8F-41FC-8825-8042CB7FA620}.Debug|Any CPU.ActiveCfg = Debug|Any CPU
		{36431EA9-3C8F-41FC-8825-8042CB7FA620}.Debug|Any CPU.Build.0 = Debug|Any CPU
		{36431EA9-3C8F-41FC-8825-8042CB7FA620}.Release|Any CPU.ActiveCfg = Release|Any CPU
		{36431EA9-3C8F-41FC-8825-8042CB7FA620}.Release|Any CPU.Build.0 = Release|Any CPU
		{2D09919E-3044-4FFA-87FE-B8947218F6F5}.Debug|Any CPU.ActiveCfg = Debug|Any CPU
		{2D09919E-3044-4FFA-87FE-B8947218F6F5}.Debug|Any CPU.Build.0 = Debug|Any CPU
		{2D09919E-3044-4FFA-87FE-B8947218F6F5}.Release|Any CPU.ActiveCfg = Release|Any CPU
		{2D09919E-3044-4FFA-87FE-B8947218F6F5}.Release|Any CPU.Build.0 = Release|Any CPU
	EndGlobalSection
	GlobalSection(SolutionProperties) = preSolution
		HideSolutionNode = FALSE
	EndGlobalSection
	GlobalSection(ExtensibilityGlobals) = postSolution
		SolutionGuid = {633C2DF2-F895-4D98-B30C-15A3DAF63EC6}
	EndGlobalSection
EndGlobal
